
Microsoft Visual Studio Solution File, Format Version 12.00
# Visual Studio Version 17
VisualStudioVersion = 17.8.34511.84
MinimumVisualStudioVersion = 10.0.40219.1
Project("{8BC9CEB8-8B4A-11D0-8D11-00A0C91BC942}") = "ConsoleApplication1", "ConsoleApplication1\ConsoleApplication1.vcxproj", "{6ED44DEE-AF53-4C46-8EFE-37981CB26472}"
EndProject
Project("{FAE04EC0-301F-11D3-BF4B-00C04F79EFBC}") = "ConsoleApp1_DotrNet_FW", "ConsoleApp1_DotrNet_FW\ConsoleApp1_DotrNet_FW.csproj", "{23E3271F-B704-437E-B40C-BEB3B513B280}"
EndProject
Project("{9A19103F-16F7-4668-BE54-9A1E7A4F7556}") = "ConsoleApp1_DotNet_Core", "ConsoleApp1_DotNet_Core\ConsoleApp1_DotNet_Core.csproj", "{916C3382-52A9-4FFC-BD66-290F61A37875}"
EndProject
Project("{9A19103F-16F7-4668-BE54-9A1E7A4F7556}") = "ConsoleApp1_DotNet_Core_NoTopLevel", "ConsoleApp1_DotNet_Core_NoTopLevel\ConsoleApp1_DotNet_Core_NoTopLevel.csproj", "{4862394E-CBB2-4468-BC5E-A2651B1B1649}"
EndProject
Project("{FAE04EC0-301F-11D3-BF4B-00C04F79EFBC}") = "WindowsFormsApp1_DotNet_FW", "WindowsFormsApp1_DotNet_FW\WindowsFormsApp1_DotNet_FW.csproj", "{8447CD21-FFD7-4DDD-9AB9-11F7F71E1FC2}"
EndProject
Project("{FAE04EC0-301F-11D3-BF4B-00C04F79EFBC}") = "WpfApp1_DotNet_FW", "WpfApp1_DotNet_FW\WpfApp1_DotNet_FW.csproj", "{C07C4682-C054-49C2-B3CE-CE496E9E6219}"
EndProject
Project("{FAE04EC0-301F-11D3-BF4B-00C04F79EFBC}") = "ConsoleApp3", "ConsoleApp3\ConsoleApp3.csproj", "{2E4BAF8E-3E4F-4F74-8D08-8B86DFC111E6}"
EndProject
Global
	GlobalSection(SolutionConfigurationPlatforms) = preSolution
		AutoCAD|Any CPU = AutoCAD|Any CPU
		AutoCAD|x64 = AutoCAD|x64
		AutoCAD|x86 = AutoCAD|x86
		Debug|Any CPU = Debug|Any CPU
		Debug|x64 = Debug|x64
		Debug|x86 = Debug|x86
		Inventor|Any CPU = Inventor|Any CPU
		Inventor|x64 = Inventor|x64
		Inventor|x86 = Inventor|x86
		Release|Any CPU = Release|Any CPU
		Release|x64 = Release|x64
		Release|x86 = Release|x86
	EndGlobalSection
	GlobalSection(ProjectConfigurationPlatforms) = postSolution
		{6ED44DEE-AF53-4C46-8EFE-37981CB26472}.AutoCAD|Any CPU.ActiveCfg = Debug|x64
		{6ED44DEE-AF53-4C46-8EFE-37981CB26472}.AutoCAD|Any CPU.Build.0 = Debug|x64
		{6ED44DEE-AF53-4C46-8EFE-37981CB26472}.AutoCAD|x64.ActiveCfg = Debug|x64
		{6ED44DEE-AF53-4C46-8EFE-37981CB26472}.AutoCAD|x64.Build.0 = Debug|x64
		{6ED44DEE-AF53-4C46-8EFE-37981CB26472}.AutoCAD|x86.ActiveCfg = Debug|Win32
		{6ED44DEE-AF53-4C46-8EFE-37981CB26472}.AutoCAD|x86.Build.0 = Debug|Win32
		{6ED44DEE-AF53-4C46-8EFE-37981CB26472}.Debug|Any CPU.ActiveCfg = Debug|x64
		{6ED44DEE-AF53-4C46-8EFE-37981CB26472}.Debug|Any CPU.Build.0 = Debug|x64
		{6ED44DEE-AF53-4C46-8EFE-37981CB26472}.Debug|x64.ActiveCfg = Debug|x64
		{6ED44DEE-AF53-4C46-8EFE-37981CB26472}.Debug|x64.Build.0 = Debug|x64
		{6ED44DEE-AF53-4C46-8EFE-37981CB26472}.Debug|x86.ActiveCfg = Debug|Win32
		{6ED44DEE-AF53-4C46-8EFE-37981CB26472}.Debug|x86.Build.0 = Debug|Win32
		{6ED44DEE-AF53-4C46-8EFE-37981CB26472}.Inventor|Any CPU.ActiveCfg = Release|x64
		{6ED44DEE-AF53-4C46-8EFE-37981CB26472}.Inventor|Any CPU.Build.0 = Release|x64
		{6ED44DEE-AF53-4C46-8EFE-37981CB26472}.Inventor|x64.ActiveCfg = Release|x64
		{6ED44DEE-AF53-4C46-8EFE-37981CB26472}.Inventor|x64.Build.0 = Release|x64
		{6ED44DEE-AF53-4C46-8EFE-37981CB26472}.Inventor|x86.ActiveCfg = Release|Win32
		{6ED44DEE-AF53-4C46-8EFE-37981CB26472}.Inventor|x86.Build.0 = Release|Win32
		{6ED44DEE-AF53-4C46-8EFE-37981CB26472}.Release|Any CPU.ActiveCfg = Release|x64
		{6ED44DEE-AF53-4C46-8EFE-37981CB26472}.Release|Any CPU.Build.0 = Release|x64
		{6ED44DEE-AF53-4C46-8EFE-37981CB26472}.Release|x64.ActiveCfg = Release|x64
		{6ED44DEE-AF53-4C46-8EFE-37981CB26472}.Release|x64.Build.0 = Release|x64
		{6ED44DEE-AF53-4C46-8EFE-37981CB26472}.Release|x86.ActiveCfg = Release|Win32
		{6ED44DEE-AF53-4C46-8EFE-37981CB26472}.Release|x86.Build.0 = Release|Win32
		{23E3271F-B704-437E-B40C-BEB3B513B280}.AutoCAD|Any CPU.ActiveCfg = Debug|Any CPU
		{23E3271F-B704-437E-B40C-BEB3B513B280}.AutoCAD|Any CPU.Build.0 = Debug|Any CPU
		{23E3271F-B704-437E-B40C-BEB3B513B280}.AutoCAD|x64.ActiveCfg = Debug|Any CPU
		{23E3271F-B704-437E-B40C-BEB3B513B280}.AutoCAD|x64.Build.0 = Debug|Any CPU
		{23E3271F-B704-437E-B40C-BEB3B513B280}.AutoCAD|x86.ActiveCfg = Debug|Any CPU
		{23E3271F-B704-437E-B40C-BEB3B513B280}.AutoCAD|x86.Build.0 = Debug|Any CPU
		{23E3271F-B704-437E-B40C-BEB3B513B280}.Debug|Any CPU.ActiveCfg = Debug|Any CPU
		{23E3271F-B704-437E-B40C-BEB3B513B280}.Debug|Any CPU.Build.0 = Debug|Any CPU
		{23E3271F-B704-437E-B40C-BEB3B513B280}.Debug|x64.ActiveCfg = Debug|Any CPU
		{23E3271F-B704-437E-B40C-BEB3B513B280}.Debug|x64.Build.0 = Debug|Any CPU
		{23E3271F-B704-437E-B40C-BEB3B513B280}.Debug|x86.ActiveCfg = Debug|Any CPU
		{23E3271F-B704-437E-B40C-BEB3B513B280}.Debug|x86.Build.0 = Debug|Any CPU
		{23E3271F-B704-437E-B40C-BEB3B513B280}.Inventor|Any CPU.ActiveCfg = Release|Any CPU
		{23E3271F-B704-437E-B40C-BEB3B513B280}.Inventor|Any CPU.Build.0 = Release|Any CPU
		{23E3271F-B704-437E-B40C-BEB3B513B280}.Inventor|x64.ActiveCfg = Release|Any CPU
		{23E3271F-B704-437E-B40C-BEB3B513B280}.Inventor|x64.Build.0 = Release|Any CPU
		{23E3271F-B704-437E-B40C-BEB3B513B280}.Inventor|x86.ActiveCfg = Release|Any CPU
		{23E3271F-B704-437E-B40C-BEB3B513B280}.Inventor|x86.Build.0 = Release|Any CPU
		{23E3271F-B704-437E-B40C-BEB3B513B280}.Release|Any CPU.ActiveCfg = Release|Any CPU
		{23E3271F-B704-437E-B40C-BEB3B513B280}.Release|Any CPU.Build.0 = Release|Any CPU
		{23E3271F-B704-437E-B40C-BEB3B513B280}.Release|x64.ActiveCfg = Release|Any CPU
		{23E3271F-B704-437E-B40C-BEB3B513B280}.Release|x64.Build.0 = Release|Any CPU
		{23E3271F-B704-437E-B40C-BEB3B513B280}.Release|x86.ActiveCfg = Release|Any CPU
		{23E3271F-B704-437E-B40C-BEB3B513B280}.Release|x86.Build.0 = Release|Any CPU
		{916C3382-52A9-4FFC-BD66-290F61A37875}.AutoCAD|Any CPU.ActiveCfg = Debug|Any CPU
		{916C3382-52A9-4FFC-BD66-290F61A37875}.AutoCAD|Any CPU.Build.0 = Debug|Any CPU
		{916C3382-52A9-4FFC-BD66-290F61A37875}.AutoCAD|x64.ActiveCfg = Debug|Any CPU
		{916C3382-52A9-4FFC-BD66-290F61A37875}.AutoCAD|x64.Build.0 = Debug|Any CPU
		{916C3382-52A9-4FFC-BD66-290F61A37875}.AutoCAD|x86.ActiveCfg = Debug|Any CPU
		{916C3382-52A9-4FFC-BD66-290F61A37875}.AutoCAD|x86.Build.0 = Debug|Any CPU
		{916C3382-52A9-4FFC-BD66-290F61A37875}.Debug|Any CPU.ActiveCfg = Debug|Any CPU
		{916C3382-52A9-4FFC-BD66-290F61A37875}.Debug|Any CPU.Build.0 = Debug|Any CPU
		{916C3382-52A9-4FFC-BD66-290F61A37875}.Debug|x64.ActiveCfg = Debug|Any CPU
		{916C3382-52A9-4FFC-BD66-290F61A37875}.Debug|x64.Build.0 = Debug|Any CPU
		{916C3382-52A9-4FFC-BD66-290F61A37875}.Debug|x86.ActiveCfg = Debug|Any CPU
		{916C3382-52A9-4FFC-BD66-290F61A37875}.Debug|x86.Build.0 = Debug|Any CPU
		{916C3382-52A9-4FFC-BD66-290F61A37875}.Inventor|Any CPU.ActiveCfg = Release|Any CPU
		{916C3382-52A9-4FFC-BD66-290F61A37875}.Inventor|Any CPU.Build.0 = Release|Any CPU
		{916C3382-52A9-4FFC-BD66-290F61A37875}.Inventor|x64.ActiveCfg = Release|Any CPU
		{916C3382-52A9-4FFC-BD66-290F61A37875}.Inventor|x64.Build.0 = Release|Any CPU
		{916C3382-52A9-4FFC-BD66-290F61A37875}.Inventor|x86.ActiveCfg = Release|Any CPU
		{916C3382-52A9-4FFC-BD66-290F61A37875}.Inventor|x86.Build.0 = Release|Any CPU
		{916C3382-52A9-4FFC-BD66-290F61A37875}.Release|Any CPU.ActiveCfg = Release|Any CPU
		{916C3382-52A9-4FFC-BD66-290F61A37875}.Release|Any CPU.Build.0 = Release|Any CPU
		{916C3382-52A9-4FFC-BD66-290F61A37875}.Release|x64.ActiveCfg = Release|Any CPU
		{916C3382-52A9-4FFC-BD66-290F61A37875}.Release|x64.Build.0 = Release|Any CPU
		{916C3382-52A9-4FFC-BD66-290F61A37875}.Release|x86.ActiveCfg = Release|Any CPU
		{916C3382-52A9-4FFC-BD66-290F61A37875}.Release|x86.Build.0 = Release|Any CPU
		{4862394E-CBB2-4468-BC5E-A2651B1B1649}.AutoCAD|Any CPU.ActiveCfg = Debug|Any CPU
		{4862394E-CBB2-4468-BC5E-A2651B1B1649}.AutoCAD|Any CPU.Build.0 = Debug|Any CPU
		{4862394E-CBB2-4468-BC5E-A2651B1B1649}.AutoCAD|x64.ActiveCfg = Debug|Any CPU
		{4862394E-CBB2-4468-BC5E-A2651B1B1649}.AutoCAD|x64.Build.0 = Debug|Any CPU
		{4862394E-CBB2-4468-BC5E-A2651B1B1649}.AutoCAD|x86.ActiveCfg = Debug|Any CPU
		{4862394E-CBB2-4468-BC5E-A2651B1B1649}.AutoCAD|x86.Build.0 = Debug|Any CPU
		{4862394E-CBB2-4468-BC5E-A2651B1B1649}.Debug|Any CPU.ActiveCfg = Debug|Any CPU
		{4862394E-CBB2-4468-BC5E-A2651B1B1649}.Debug|Any CPU.Build.0 = Debug|Any CPU
		{4862394E-CBB2-4468-BC5E-A2651B1B1649}.Debug|x64.ActiveCfg = Debug|Any CPU
		{4862394E-CBB2-4468-BC5E-A2651B1B1649}.Debug|x64.Build.0 = Debug|Any CPU
		{4862394E-CBB2-4468-BC5E-A2651B1B1649}.Debug|x86.ActiveCfg = Debug|Any CPU
		{4862394E-CBB2-4468-BC5E-A2651B1B1649}.Debug|x86.Build.0 = Debug|Any CPU
		{4862394E-CBB2-4468-BC5E-A2651B1B1649}.Inventor|Any CPU.ActiveCfg = Debug|Any CPU
		{4862394E-CBB2-4468-BC5E-A2651B1B1649}.Inventor|Any CPU.Build.0 = Debug|Any CPU
		{4862394E-CBB2-4468-BC5E-A2651B1B1649}.Inventor|x64.ActiveCfg = Debug|Any CPU
		{4862394E-CBB2-4468-BC5E-A2651B1B1649}.Inventor|x64.Build.0 = Debug|Any CPU
		{4862394E-CBB2-4468-BC5E-A2651B1B1649}.Inventor|x86.ActiveCfg = Debug|Any CPU
		{4862394E-CBB2-4468-BC5E-A2651B1B1649}.Inventor|x86.Build.0 = Debug|Any CPU
		{4862394E-CBB2-4468-BC5E-A2651B1B1649}.Release|Any CPU.ActiveCfg = Release|Any CPU
		{4862394E-CBB2-4468-BC5E-A2651B1B1649}.Release|Any CPU.Build.0 = Release|Any CPU
		{4862394E-CBB2-4468-BC5E-A2651B1B1649}.Release|x64.ActiveCfg = Release|Any CPU
		{4862394E-CBB2-4468-BC5E-A2651B1B1649}.Release|x64.Build.0 = Release|Any CPU
		{4862394E-CBB2-4468-BC5E-A2651B1B1649}.Release|x86.ActiveCfg = Release|Any CPU
		{4862394E-CBB2-4468-BC5E-A2651B1B1649}.Release|x86.Build.0 = Release|Any CPU
		{8447CD21-FFD7-4DDD-9AB9-11F7F71E1FC2}.AutoCAD|Any CPU.ActiveCfg = Debug|Any CPU
		{8447CD21-FFD7-4DDD-9AB9-11F7F71E1FC2}.AutoCAD|Any CPU.Build.0 = Debug|Any CPU
		{8447CD21-FFD7-4DDD-9AB9-11F7F71E1FC2}.AutoCAD|x64.ActiveCfg = Debug|Any CPU
		{8447CD21-FFD7-4DDD-9AB9-11F7F71E1FC2}.AutoCAD|x64.Build.0 = Debug|Any CPU
		{8447CD21-FFD7-4DDD-9AB9-11F7F71E1FC2}.AutoCAD|x86.ActiveCfg = Debug|Any CPU
		{8447CD21-FFD7-4DDD-9AB9-11F7F71E1FC2}.AutoCAD|x86.Build.0 = Debug|Any CPU
		{8447CD21-FFD7-4DDD-9AB9-11F7F71E1FC2}.Debug|Any CPU.ActiveCfg = Debug|Any CPU
		{8447CD21-FFD7-4DDD-9AB9-11F7F71E1FC2}.Debug|Any CPU.Build.0 = Debug|Any CPU
		{8447CD21-FFD7-4DDD-9AB9-11F7F71E1FC2}.Debug|x64.ActiveCfg = Debug|Any CPU
		{8447CD21-FFD7-4DDD-9AB9-11F7F71E1FC2}.Debug|x64.Build.0 = Debug|Any CPU
		{8447CD21-FFD7-4DDD-9AB9-11F7F71E1FC2}.Debug|x86.ActiveCfg = Debug|Any CPU
		{8447CD21-FFD7-4DDD-9AB9-11F7F71E1FC2}.Debug|x86.Build.0 = Debug|Any CPU
		{8447CD21-FFD7-4DDD-9AB9-11F7F71E1FC2}.Inventor|Any CPU.ActiveCfg = Debug|Any CPU
		{8447CD21-FFD7-4DDD-9AB9-11F7F71E1FC2}.Inventor|Any CPU.Build.0 = Debug|Any CPU
		{8447CD21-FFD7-4DDD-9AB9-11F7F71E1FC2}.Inventor|x64.ActiveCfg = Debug|Any CPU
		{8447CD21-FFD7-4DDD-9AB9-11F7F71E1FC2}.Inventor|x64.Build.0 = Debug|Any CPU
		{8447CD21-FFD7-4DDD-9AB9-11F7F71E1FC2}.Inventor|x86.ActiveCfg = Debug|Any CPU
		{8447CD21-FFD7-4DDD-9AB9-11F7F71E1FC2}.Inventor|x86.Build.0 = Debug|Any CPU
		{8447CD21-FFD7-4DDD-9AB9-11F7F71E1FC2}.Release|Any CPU.ActiveCfg = Release|Any CPU
		{8447CD21-FFD7-4DDD-9AB9-11F7F71E1FC2}.Release|Any CPU.Build.0 = Release|Any CPU
		{8447CD21-FFD7-4DDD-9AB9-11F7F71E1FC2}.Release|x64.ActiveCfg = Release|Any CPU
		{8447CD21-FFD7-4DDD-9AB9-11F7F71E1FC2}.Release|x64.Build.0 = Release|Any CPU
		{8447CD21-FFD7-4DDD-9AB9-11F7F71E1FC2}.Release|x86.ActiveCfg = Release|Any CPU
		{8447CD21-FFD7-4DDD-9AB9-11F7F71E1FC2}.Release|x86.Build.0 = Release|Any CPU
		{C07C4682-C054-49C2-B3CE-CE496E9E6219}.AutoCAD|Any CPU.ActiveCfg = Debug|Any CPU
		{C07C4682-C054-49C2-B3CE-CE496E9E6219}.AutoCAD|Any CPU.Build.0 = Debug|Any CPU
		{C07C4682-C054-49C2-B3CE-CE496E9E6219}.AutoCAD|x64.ActiveCfg = Debug|Any CPU
		{C07C4682-C054-49C2-B3CE-CE496E9E6219}.AutoCAD|x64.Build.0 = Debug|Any CPU
		{C07C4682-C054-49C2-B3CE-CE496E9E6219}.AutoCAD|x86.ActiveCfg = Debug|Any CPU
		{C07C4682-C054-49C2-B3CE-CE496E9E6219}.AutoCAD|x86.Build.0 = Debug|Any CPU
		{C07C4682-C054-49C2-B3CE-CE496E9E6219}.Debug|Any CPU.ActiveCfg = Debug|Any CPU
		{C07C4682-C054-49C2-B3CE-CE496E9E6219}.Debug|Any CPU.Build.0 = Debug|Any CPU
		{C07C4682-C054-49C2-B3CE-CE496E9E6219}.Debug|x64.ActiveCfg = Debug|Any CPU
		{C07C4682-C054-49C2-B3CE-CE496E9E6219}.Debug|x64.Build.0 = Debug|Any CPU
		{C07C4682-C054-49C2-B3CE-CE496E9E6219}.Debug|x86.ActiveCfg = Debug|Any CPU
		{C07C4682-C054-49C2-B3CE-CE496E9E6219}.Debug|x86.Build.0 = Debug|Any CPU
		{C07C4682-C054-49C2-B3CE-CE496E9E6219}.Inventor|Any CPU.ActiveCfg = Debug|Any CPU
		{C07C4682-C054-49C2-B3CE-CE496E9E6219}.Inventor|Any CPU.Build.0 = Debug|Any CPU
		{C07C4682-C054-49C2-B3CE-CE496E9E6219}.Inventor|x64.ActiveCfg = Debug|Any CPU
		{C07C4682-C054-49C2-B3CE-CE496E9E6219}.Inventor|x64.Build.0 = Debug|Any CPU
		{C07C4682-C054-49C2-B3CE-CE496E9E6219}.Inventor|x86.ActiveCfg = Debug|Any CPU
		{C07C4682-C054-49C2-B3CE-CE496E9E6219}.Inventor|x86.Build.0 = Debug|Any CPU
		{C07C4682-C054-49C2-B3CE-CE496E9E6219}.Release|Any CPU.ActiveCfg = Release|Any CPU
		{C07C4682-C054-49C2-B3CE-CE496E9E6219}.Release|Any CPU.Build.0 = Release|Any CPU
		{C07C4682-C054-49C2-B3CE-CE496E9E6219}.Release|x64.ActiveCfg = Release|Any CPU
		{C07C4682-C054-49C2-B3CE-CE496E9E6219}.Release|x64.Build.0 = Release|Any CPU
		{C07C4682-C054-49C2-B3CE-CE496E9E6219}.Release|x86.ActiveCfg = Release|Any CPU
		{C07C4682-C054-49C2-B3CE-CE496E9E6219}.Release|x86.Build.0 = Release|Any CPU
		{2E4BAF8E-3E4F-4F74-8D08-8B86DFC111E6}.AutoCAD|Any CPU.ActiveCfg = Debug|Any CPU
		{2E4BAF8E-3E4F-4F74-8D08-8B86DFC111E6}.AutoCAD|Any CPU.Build.0 = Debug|Any CPU
		{2E4BAF8E-3E4F-4F74-8D08-8B86DFC111E6}.AutoCAD|x64.ActiveCfg = Debug|Any CPU
		{2E4BAF8E-3E4F-4F74-8D08-8B86DFC111E6}.AutoCAD|x64.Build.0 = Debug|Any CPU
		{2E4BAF8E-3E4F-4F74-8D08-8B86DFC111E6}.AutoCAD|x86.ActiveCfg = Debug|Any CPU
		{2E4BAF8E-3E4F-4F74-8D08-8B86DFC111E6}.AutoCAD|x86.Build.0 = Debug|Any CPU
		{2E4BAF8E-3E4F-4F74-8D08-8B86DFC111E6}.Debug|Any CPU.ActiveCfg = Debug|Any CPU
		{2E4BAF8E-3E4F-4F74-8D08-8B86DFC111E6}.Debug|Any CPU.Build.0 = Debug|Any CPU
		{2E4BAF8E-3E4F-4F74-8D08-8B86DFC111E6}.Debug|x64.ActiveCfg = Debug|Any CPU
		{2E4BAF8E-3E4F-4F74-8D08-8B86DFC111E6}.Debug|x64.Build.0 = Debug|Any CPU
		{2E4BAF8E-3E4F-4F74-8D08-8B86DFC111E6}.Debug|x86.ActiveCfg = Debug|Any CPU
		{2E4BAF8E-3E4F-4F74-8D08-8B86DFC111E6}.Debug|x86.Build.0 = Debug|Any CPU
		{2E4BAF8E-3E4F-4F74-8D08-8B86DFC111E6}.Inventor|Any CPU.ActiveCfg = Debug|Any CPU
		{2E4BAF8E-3E4F-4F74-8D08-8B86DFC111E6}.Inventor|Any CPU.Build.0 = Debug|Any CPU
		{2E4BAF8E-3E4F-4F74-8D08-8B86DFC111E6}.Inventor|x64.ActiveCfg = Debug|Any CPU
		{2E4BAF8E-3E4F-4F74-8D08-8B86DFC111E6}.Inventor|x64.Build.0 = Debug|Any CPU
		{2E4BAF8E-3E4F-4F74-8D08-8B86DFC111E6}.Inventor|x86.ActiveCfg = Debug|Any CPU
		{2E4BAF8E-3E4F-4F74-8D08-8B86DFC111E6}.Inventor|x86.Build.0 = Debug|Any CPU
		{2E4BAF8E-3E4F-4F74-8D08-8B86DFC111E6}.Release|Any CPU.ActiveCfg = Release|Any CPU
		{2E4BAF8E-3E4F-4F74-8D08-8B86DFC111E6}.Release|Any CPU.Build.0 = Release|Any CPU
		{2E4BAF8E-3E4F-4F74-8D08-8B86DFC111E6}.Release|x64.ActiveCfg = Release|Any CPU
		{2E4BAF8E-3E4F-4F74-8D08-8B86DFC111E6}.Release|x64.Build.0 = Release|Any CPU
		{2E4BAF8E-3E4F-4F74-8D08-8B86DFC111E6}.Release|x86.ActiveCfg = Release|Any CPU
		{2E4BAF8E-3E4F-4F74-8D08-8B86DFC111E6}.Release|x86.Build.0 = Release|Any CPU
	EndGlobalSection
	GlobalSection(SolutionProperties) = preSolution
		HideSolutionNode = FALSE
	EndGlobalSection
	GlobalSection(ExtensibilityGlobals) = postSolution
		SolutionGuid = {2C3387D6-4639-4BBE-B981-88B34A777A5B}
	EndGlobalSection
EndGlobal
